
Microsoft Visual Studio Solution File, Format Version 12.00
# Visual Studio Version 17
VisualStudioVersion = 17.0.31611.283
MinimumVisualStudioVersion = 10.0.40219.1
Project("{2150E333-8FDC-42A3-9474-1A3956D46DE8}") = "MAUI", "MAUI", "{358F7DCF-41AE-448A-8A49-8E0AC38FA468}"
EndProject
Project("{2150E333-8FDC-42A3-9474-1A3956D46DE8}") = "WPF", "WPF", "{F3632ADD-59C1-4249-990E-735CB26F6802}"
EndProject
Project("{2150E333-8FDC-42A3-9474-1A3956D46DE8}") = "WF", "WF", "{2D32FDBF-DA96-418E-834D-2D575DD38FBB}"
EndProject
Project("{2150E333-8FDC-42A3-9474-1A3956D46DE8}") = "Shared", "Shared", "{1BE6E065-7201-469C-B65E-757A52CA1B6E}"
EndProject
Project("{9A19103F-16F7-4668-BE54-9A1E7A4F7556}") = "GamePortal", "MAUI\GamePortal\GamePortal.csproj", "{8E45C7E7-5D41-439A-85A8-0938AE456C42}"
EndProject
Project("{9A19103F-16F7-4668-BE54-9A1E7A4F7556}") = "GamePortal.Library", "MAUI\GamePortal.Library\GamePortal.Library.csproj", "{C56F66B2-B2FB-4AC8-B2B9-1EB9CF74DF72}"
EndProject
Project("{9A19103F-16F7-4668-BE54-9A1E7A4F7556}") = "GamePortal", "WF\GamePortal\GamePortal.csproj", "{62C7FAD4-5164-4D37-9C72-ECA16F7E0C60}"
EndProject
Project("{9A19103F-16F7-4668-BE54-9A1E7A4F7556}") = "GamePortal.Public", "Shared\GamePortal.Public\GamePortal.Public.csproj", "{4A929555-0708-4C29-8CAC-23813D03473D}"
EndProject
Project("{9A19103F-16F7-4668-BE54-9A1E7A4F7556}") = "GamePortal.Library", "WF\GamePortal.Library\GamePortal.Library.csproj", "{2FA285FE-9DA4-439C-A1ED-E9D7E4C664F0}"
EndProject
Project("{9A19103F-16F7-4668-BE54-9A1E7A4F7556}") = "GamePortal", "WPF\GamePortal\GamePortal.csproj", "{62FF6C26-6117-488A-88EF-7C9A1FAE4429}"
EndProject
Project("{9A19103F-16F7-4668-BE54-9A1E7A4F7556}") = "GamePortal.Library", "WPF\GamePortal.Library\GamePortal.Library.csproj", "{CAB22B1D-00AC-4F7F-BD11-B8F120B61539}"
EndProject
Project("{2150E333-8FDC-42A3-9474-1A3956D46DE8}") = "Solution Items", "Solution Items", "{249DA1D8-17A9-4B3A-9495-C49E5A190010}"
	ProjectSection(SolutionItems) = preProject
		.editorconfig = .editorconfig
		global.json = global.json
	EndProjectSection
EndProject
Global
	GlobalSection(SolutionConfigurationPlatforms) = preSolution
		Debug|Any CPU = Debug|Any CPU
		Release|Any CPU = Release|Any CPU
	EndGlobalSection
	GlobalSection(ProjectConfigurationPlatforms) = postSolution
		{8E45C7E7-5D41-439A-85A8-0938AE456C42}.Debug|Any CPU.ActiveCfg = Debug|Any CPU
		{8E45C7E7-5D41-439A-85A8-0938AE456C42}.Debug|Any CPU.Build.0 = Debug|Any CPU
		{8E45C7E7-5D41-439A-85A8-0938AE456C42}.Release|Any CPU.ActiveCfg = Release|Any CPU
		{8E45C7E7-5D41-439A-85A8-0938AE456C42}.Release|Any CPU.Build.0 = Release|Any CPU
		{C56F66B2-B2FB-4AC8-B2B9-1EB9CF74DF72}.Debug|Any CPU.ActiveCfg = Release|Any CPU
		{C56F66B2-B2FB-4AC8-B2B9-1EB9CF74DF72}.Debug|Any CPU.Build.0 = Release|Any CPU
		{C56F66B2-B2FB-4AC8-B2B9-1EB9CF74DF72}.Release|Any CPU.ActiveCfg = Release|Any CPU
		{C56F66B2-B2FB-4AC8-B2B9-1EB9CF74DF72}.Release|Any CPU.Build.0 = Release|Any CPU
		{62C7FAD4-5164-4D37-9C72-ECA16F7E0C60}.Debug|Any CPU.ActiveCfg = Debug|Any CPU
		{62C7FAD4-5164-4D37-9C72-ECA16F7E0C60}.Debug|Any CPU.Build.0 = Debug|Any CPU
		{62C7FAD4-5164-4D37-9C72-ECA16F7E0C60}.Release|Any CPU.ActiveCfg = Release|Any CPU
		{62C7FAD4-5164-4D37-9C72-ECA16F7E0C60}.Release|Any CPU.Build.0 = Release|Any CPU
		{4A929555-0708-4C29-8CAC-23813D03473D}.Debug|Any CPU.ActiveCfg = Release|Any CPU
		{4A929555-0708-4C29-8CAC-23813D03473D}.Debug|Any CPU.Build.0 = Release|Any CPU
		{4A929555-0708-4C29-8CAC-23813D03473D}.Release|Any CPU.ActiveCfg = Release|Any CPU
		{4A929555-0708-4C29-8CAC-23813D03473D}.Release|Any CPU.Build.0 = Release|Any CPU
		{2FA285FE-9DA4-439C-A1ED-E9D7E4C664F0}.Debug|Any CPU.ActiveCfg = Release|Any CPU
		{2FA285FE-9DA4-439C-A1ED-E9D7E4C664F0}.Debug|Any CPU.Build.0 = Release|Any CPU
		{2FA285FE-9DA4-439C-A1ED-E9D7E4C664F0}.Release|Any CPU.ActiveCfg = Release|Any CPU
		{2FA285FE-9DA4-439C-A1ED-E9D7E4C664F0}.Release|Any CPU.Build.0 = Release|Any CPU
		{62FF6C26-6117-488A-88EF-7C9A1FAE4429}.Debug|Any CPU.ActiveCfg = Debug|Any CPU
		{62FF6C26-6117-488A-88EF-7C9A1FAE4429}.Debug|Any CPU.Build.0 = Debug|Any CPU
		{62FF6C26-6117-488A-88EF-7C9A1FAE4429}.Release|Any CPU.ActiveCfg = Release|Any CPU
		{62FF6C26-6117-488A-88EF-7C9A1FAE4429}.Release|Any CPU.Build.0 = Release|Any CPU
		{CAB22B1D-00AC-4F7F-BD11-B8F120B61539}.Debug|Any CPU.ActiveCfg = Release|Any CPU
		{CAB22B1D-00AC-4F7F-BD11-B8F120B61539}.Debug|Any CPU.Build.0 = Release|Any CPU
		{CAB22B1D-00AC-4F7F-BD11-B8F120B61539}.Release|Any CPU.ActiveCfg = Release|Any CPU
		{CAB22B1D-00AC-4F7F-BD11-B8F120B61539}.Release|Any CPU.Build.0 = Release|Any CPU
	EndGlobalSection
	GlobalSection(SolutionProperties) = preSolution
		HideSolutionNode = FALSE
	EndGlobalSection
	GlobalSection(NestedProjects) = preSolution
		{8E45C7E7-5D41-439A-85A8-0938AE456C42} = {358F7DCF-41AE-448A-8A49-8E0AC38FA468}
		{C56F66B2-B2FB-4AC8-B2B9-1EB9CF74DF72} = {358F7DCF-41AE-448A-8A49-8E0AC38FA468}
		{62C7FAD4-5164-4D37-9C72-ECA16F7E0C60} = {2D32FDBF-DA96-418E-834D-2D575DD38FBB}
		{4A929555-0708-4C29-8CAC-23813D03473D} = {1BE6E065-7201-469C-B65E-757A52CA1B6E}
		{2FA285FE-9DA4-439C-A1ED-E9D7E4C664F0} = {2D32FDBF-DA96-418E-834D-2D575DD38FBB}
		{62FF6C26-6117-488A-88EF-7C9A1FAE4429} = {F3632ADD-59C1-4249-990E-735CB26F6802}
		{CAB22B1D-00AC-4F7F-BD11-B8F120B61539} = {F3632ADD-59C1-4249-990E-735CB26F6802}
	EndGlobalSection
	GlobalSection(ExtensibilityGlobals) = postSolution
		SolutionGuid = {61F7FB11-1E47-470C-91E2-47F8143E1572}
	EndGlobalSection
EndGlobal
